{
  "name": "Brooky-Stoop",
  "lockfileVersion": 3,
  "requires": true,
  "packages": {
    "": {
      "dependencies": {
        "gsap": "^3.12.5",
        "sharer.js": "^0.5.2",
        "three": "^0.166.1"
      }
    },
    "node_modules/gsap": {
      "version": "3.12.5",
      "resolved": "https://registry.npmjs.org/gsap/-/gsap-3.12.5.tgz",
      "integrity": "sha512-srBfnk4n+Oe/ZnMIOXt3gT605BX9x5+rh/prT2F1SsNJsU1XuMiP0E2aptW481OnonOGACZWBqseH5Z7csHxhQ=="
    },
    "node_modules/sharer.js": {
      "version": "0.5.2",
      "resolved": "https://registry.npmjs.org/sharer.js/-/sharer.js-0.5.2.tgz",
      "integrity": "sha512-HdwWYNSP+dJjCV5ogUOhKO7SormXamWC/00ThEcZMDBVuhsQ2/P0lBv/HYQ8jf5NxwxN/wad4YWEMPsfqlGecA=="
    },
    "node_modules/three": {
      "version": "0.166.1",
      "resolved": "https://registry.npmjs.org/three/-/three-0.166.1.tgz",
      "integrity": "sha512-LtuafkKHHzm61AQA1be2MAYIw1IjmhOUxhBa0prrLpEMWbV7ijvxCRHjSgHPGp2493wLBzwKV46tA9nivLEgKg=="
    }
  }
}
